
Microsoft Visual Studio Solution File, Format Version 12.00
# Visual Studio Version 16
VisualStudioVersion = 16.0.31105.61
MinimumVisualStudioVersion = 10.0.40219.1
Project("{FAE04EC0-301F-11D3-BF4B-00C04F79EFBC}") = "KmeansClustering", "KmeansClustering\KmeansClustering.csproj", "{7496CADA-9FE5-4EEA-BADE-D5F363997344}"
EndProject
Global
	GlobalSection(SolutionConfigurationPlatforms) = preSolution
		Debug|Any CPU = Debug|Any CPU
		Release|Any CPU = Release|Any CPU
	EndGlobalSection
	GlobalSection(ProjectConfigurationPlatforms) = postSolution
		{7496CADA-9FE5-4EEA-BADE-D5F363997344}.Debug|Any CPU.ActiveCfg = Debug|Any CPU
		{7496CADA-9FE5-4EEA-BADE-D5F363997344}.Debug|Any CPU.Build.0 = Debug|Any CPU
		{7496CADA-9FE5-4EEA-BADE-D5F363997344}.Release|Any CPU.ActiveCfg = Release|Any CPU
		{7496CADA-9FE5-4EEA-BADE-D5F363997344}.Release|Any CPU.Build.0 = Release|Any CPU
	EndGlobalSection
	GlobalSection(SolutionProperties) = preSolution
		HideSolutionNode = FALSE
	EndGlobalSection
	GlobalSection(ExtensibilityGlobals) = postSolution
		SolutionGuid = {FEFD2FA6-EF04-413F-B48F-911BCBD21DBC}
	EndGlobalSection
EndGlobal
